
Microsoft Visual Studio Solution File, Format Version 12.00
Project("{FAE04EC0-301F-11D3-BF4B-00C04F79EFBC}") = "GitHubLinkBot", "src\GitHubLinkBot\GitHubLinkBot.csproj", "{03987FD5-7581-459B-877A-DDDCCB90F75E}"
EndProject
Global
	GlobalSection(SolutionConfigurationPlatforms) = preSolution
		Debug|Any CPU = Debug|Any CPU
		Release|Any CPU = Release|Any CPU
	EndGlobalSection
	GlobalSection(ProjectConfigurationPlatforms) = postSolution
		{03987FD5-7581-459B-877A-DDDCCB90F75E}.Debug|Any CPU.ActiveCfg = Debug|Any CPU
		{03987FD5-7581-459B-877A-DDDCCB90F75E}.Debug|Any CPU.Build.0 = Debug|Any CPU
		{03987FD5-7581-459B-877A-DDDCCB90F75E}.Release|Any CPU.ActiveCfg = Release|Any CPU
		{03987FD5-7581-459B-877A-DDDCCB90F75E}.Release|Any CPU.Build.0 = Release|Any CPU
	EndGlobalSection
EndGlobal
